
Microsoft Visual Studio Solution File, Format Version 12.00
# Visual Studio 14
VisualStudioVersion = 14.0.24720.0
MinimumVisualStudioVersion = 10.0.40219.1
Project("{FAE04EC0-301F-11D3-BF4B-00C04F79EFBC}") = "FaceRecognizer", "FaceRecognizer\FaceRecognizer.csproj", "{1493EBDD-6228-4D98-8A6E-B31F6D53AA74}"
EndProject
Global
	GlobalSection(SolutionConfigurationPlatforms) = preSolution
		Debug|Any CPU = Debug|Any CPU
		Release|Any CPU = Release|Any CPU
	EndGlobalSection
	GlobalSection(ProjectConfigurationPlatforms) = postSolution
		{1493EBDD-6228-4D98-8A6E-B31F6D53AA74}.Debug|Any CPU.ActiveCfg = Debug|Any CPU
		{1493EBDD-6228-4D98-8A6E-B31F6D53AA74}.Debug|Any CPU.Build.0 = Debug|Any CPU
		{1493EBDD-6228-4D98-8A6E-B31F6D53AA74}.Release|Any CPU.ActiveCfg = Release|Any CPU
		{1493EBDD-6228-4D98-8A6E-B31F6D53AA74}.Release|Any CPU.Build.0 = Release|Any CPU
	EndGlobalSection
	GlobalSection(SolutionProperties) = preSolution
		HideSolutionNode = FALSE
	EndGlobalSection
EndGlobal
